
Microsoft Visual Studio Solution File, Format Version 12.00
# Visual Studio Version 16
VisualStudioVersion = 16.0.30611.23
MinimumVisualStudioVersion = 10.0.40219.1
Project("{FAE04EC0-301F-11D3-BF4B-00C04F79EFBC}") = "Inviter", "Inviter\Inviter.csproj", "{A1FE3EF5-BE42-4E6C-A4F6-1A1A72173451}"
EndProject
Global
	GlobalSection(SolutionConfigurationPlatforms) = preSolution
		Debug|Any CPU = Debug|Any CPU
		Release|Any CPU = Release|Any CPU
	EndGlobalSection
	GlobalSection(ProjectConfigurationPlatforms) = postSolution
		{A1FE3EF5-BE42-4E6C-A4F6-1A1A72173451}.Debug|Any CPU.ActiveCfg = Debug|Any CPU
		{A1FE3EF5-BE42-4E6C-A4F6-1A1A72173451}.Debug|Any CPU.Build.0 = Debug|Any CPU
		{A1FE3EF5-BE42-4E6C-A4F6-1A1A72173451}.Release|Any CPU.ActiveCfg = Release|Any CPU
		{A1FE3EF5-BE42-4E6C-A4F6-1A1A72173451}.Release|Any CPU.Build.0 = Release|Any CPU
	EndGlobalSection
	GlobalSection(SolutionProperties) = preSolution
		HideSolutionNode = FALSE
	EndGlobalSection
	GlobalSection(ExtensibilityGlobals) = postSolution
		SolutionGuid = {6BF0ACEC-BD03-4294-8B08-A946121FDDFF}
	EndGlobalSection
EndGlobal
